
Microsoft Visual Studio Solution File, Format Version 12.00
# Visual Studio Version 16
VisualStudioVersion = 16.0.28516.95
MinimumVisualStudioVersion = 10.0.40219.1
Project("{9A19103F-16F7-4668-BE54-9A1E7A4F7556}") = "MetaProgrammingInCSharp", "MetaProgrammingInCSharp.csproj", "{2A27C0B6-09B7-484C-B037-E5E6A7325113}"
EndProject
Global
	GlobalSection(SolutionConfigurationPlatforms) = preSolution
		Debug|Any CPU = Debug|Any CPU
		Release|Any CPU = Release|Any CPU
	EndGlobalSection
	GlobalSection(ProjectConfigurationPlatforms) = postSolution
		{2A27C0B6-09B7-484C-B037-E5E6A7325113}.Debug|Any CPU.ActiveCfg = Debug|Any CPU
		{2A27C0B6-09B7-484C-B037-E5E6A7325113}.Debug|Any CPU.Build.0 = Debug|Any CPU
		{2A27C0B6-09B7-484C-B037-E5E6A7325113}.Release|Any CPU.ActiveCfg = Release|Any CPU
		{2A27C0B6-09B7-484C-B037-E5E6A7325113}.Release|Any CPU.Build.0 = Release|Any CPU
	EndGlobalSection
	GlobalSection(SolutionProperties) = preSolution
		HideSolutionNode = FALSE
	EndGlobalSection
	GlobalSection(ExtensibilityGlobals) = postSolution
		SolutionGuid = {A2170B5A-3872-4371-8661-6514F39FD2BF}
	EndGlobalSection
EndGlobal
